
Microsoft Visual Studio Solution File, Format Version 12.00
# Visual Studio Version 16
VisualStudioVersion = 16.0.31410.357
MinimumVisualStudioVersion = 10.0.40219.1
Project("{2150E333-8FDC-42A3-9474-1A3956D46DE8}") = "Services", "Services", "{24D193F4-BA78-416B-ACF9-1A71E1E03A67}"
EndProject
Project("{2150E333-8FDC-42A3-9474-1A3956D46DE8}") = "Catalog", "Catalog", "{B92C1201-1ACA-4023-A54C-2EF220096A66}"
EndProject
Project("{9A19103F-16F7-4668-BE54-9A1E7A4F7556}") = "Catalog.API", "Services\Catalog\Catalog.API\Catalog.API.csproj", "{06E4F06E-5745-47A9-B6A2-5A0865240124}"
EndProject
Project("{E53339B2-1760-4266-BCC7-CA923CBCF16C}") = "docker-compose", "docker-compose.dcproj", "{40926F3F-7751-4C65-A1F2-4AB159F70ACC}"
EndProject
Project("{2150E333-8FDC-42A3-9474-1A3956D46DE8}") = "Basket", "Basket", "{991F1016-AF66-410F-80C1-8AE1B1B2CFAB}"
EndProject
Project("{9A19103F-16F7-4668-BE54-9A1E7A4F7556}") = "Basket.API", "Services\Basket\Basket.API\Basket.API.csproj", "{F73162F5-F541-426D-A0CE-1360ED982C47}"
EndProject
Project("{2150E333-8FDC-42A3-9474-1A3956D46DE8}") = "Discount", "Discount", "{DD4CA02A-200E-4536-BA4D-140043BBB8E1}"
EndProject
Project("{9A19103F-16F7-4668-BE54-9A1E7A4F7556}") = "Discount.API", "Services\Discount\Discount.API\Discount.API.csproj", "{BB6765FB-9C67-4AD7-AF8F-E708F58A9AF1}"
EndProject
Project("{9A19103F-16F7-4668-BE54-9A1E7A4F7556}") = "Discount.Grpc", "Services\Discount\Discount.Grpc\Discount.Grpc.csproj", "{D49FA63F-07F1-407C-BE80-ABA498CE7C04}"
EndProject
Project("{2150E333-8FDC-42A3-9474-1A3956D46DE8}") = "Ordering", "Ordering", "{D4149904-B6D1-4991-A3A3-E483D689F675}"
EndProject
Project("{FAE04EC0-301F-11D3-BF4B-00C04F79EFBC}") = "Ordering.Api", "Services\Ordering\Ordering.Api\Ordering.Api.csproj", "{4B928A80-9A4A-4A10-A058-6B818B58056E}"
EndProject
Project("{FAE04EC0-301F-11D3-BF4B-00C04F79EFBC}") = "Ordering.Domain", "Services\Ordering\Ordering.Domain\Ordering.Domain.csproj", "{EE1E11A0-EF73-4AB5-9DAD-827CBB98B7D2}"
EndProject
Project("{FAE04EC0-301F-11D3-BF4B-00C04F79EFBC}") = "Ordering.Application", "Services\Ordering\Ordering.Application\Ordering.Application.csproj", "{67ECD0F6-3C08-4C0C-80AE-24F31D559499}"
EndProject
Project("{FAE04EC0-301F-11D3-BF4B-00C04F79EFBC}") = "Ordering.Infrastructure", "Services\Ordering\Ordering.Infrastructure\Ordering.Infrastructure.csproj", "{EC491E8B-D83B-4F43-ACCC-1E3EA0418295}"
EndProject
Project("{2150E333-8FDC-42A3-9474-1A3956D46DE8}") = "BuildingBlocks", "BuildingBlocks", "{8F7DFAB7-3E5A-473C-A93B-2A547F9875DD}"
EndProject
Project("{FAE04EC0-301F-11D3-BF4B-00C04F79EFBC}") = "EventBus.Messages", "BuildingBlocks\EventBus.Messages\EventBus.Messages.csproj", "{E5D3FA9F-B422-42B2-982A-E1B53B8977AE}"
EndProject
Project("{2150E333-8FDC-42A3-9474-1A3956D46DE8}") = "ApiGateways", "ApiGateways", "{87FBE1F3-62A7-4332-956F-8639EA9008B9}"
EndProject
Project("{FAE04EC0-301F-11D3-BF4B-00C04F79EFBC}") = "OcelotApiGw", "ApiGateways\OcelotApiGw\OcelotApiGw.csproj", "{F0566276-9817-40F6-84F8-D4DAC1884CE8}"
EndProject
Project("{FAE04EC0-301F-11D3-BF4B-00C04F79EFBC}") = "Shopping.Aggregator", "ApiGateways\Shopping.Aggregator\Shopping.Aggregator.csproj", "{1DBDC32D-F824-4B43-8285-DEAE7E398D77}"
EndProject
Global
	GlobalSection(SolutionConfigurationPlatforms) = preSolution
		Debug|Any CPU = Debug|Any CPU
		Release|Any CPU = Release|Any CPU
	EndGlobalSection
	GlobalSection(ProjectConfigurationPlatforms) = postSolution
		{06E4F06E-5745-47A9-B6A2-5A0865240124}.Debug|Any CPU.ActiveCfg = Debug|Any CPU
		{06E4F06E-5745-47A9-B6A2-5A0865240124}.Debug|Any CPU.Build.0 = Debug|Any CPU
		{06E4F06E-5745-47A9-B6A2-5A0865240124}.Release|Any CPU.ActiveCfg = Release|Any CPU
		{06E4F06E-5745-47A9-B6A2-5A0865240124}.Release|Any CPU.Build.0 = Release|Any CPU
		{40926F3F-7751-4C65-A1F2-4AB159F70ACC}.Debug|Any CPU.ActiveCfg = Debug|Any CPU
		{40926F3F-7751-4C65-A1F2-4AB159F70ACC}.Debug|Any CPU.Build.0 = Debug|Any CPU
		{40926F3F-7751-4C65-A1F2-4AB159F70ACC}.Release|Any CPU.ActiveCfg = Release|Any CPU
		{40926F3F-7751-4C65-A1F2-4AB159F70ACC}.Release|Any CPU.Build.0 = Release|Any CPU
		{F73162F5-F541-426D-A0CE-1360ED982C47}.Debug|Any CPU.ActiveCfg = Debug|Any CPU
		{F73162F5-F541-426D-A0CE-1360ED982C47}.Debug|Any CPU.Build.0 = Debug|Any CPU
		{F73162F5-F541-426D-A0CE-1360ED982C47}.Release|Any CPU.ActiveCfg = Release|Any CPU
		{F73162F5-F541-426D-A0CE-1360ED982C47}.Release|Any CPU.Build.0 = Release|Any CPU
		{BB6765FB-9C67-4AD7-AF8F-E708F58A9AF1}.Debug|Any CPU.ActiveCfg = Debug|Any CPU
		{BB6765FB-9C67-4AD7-AF8F-E708F58A9AF1}.Debug|Any CPU.Build.0 = Debug|Any CPU
		{BB6765FB-9C67-4AD7-AF8F-E708F58A9AF1}.Release|Any CPU.ActiveCfg = Release|Any CPU
		{BB6765FB-9C67-4AD7-AF8F-E708F58A9AF1}.Release|Any CPU.Build.0 = Release|Any CPU
		{D49FA63F-07F1-407C-BE80-ABA498CE7C04}.Debug|Any CPU.ActiveCfg = Debug|Any CPU
		{D49FA63F-07F1-407C-BE80-ABA498CE7C04}.Debug|Any CPU.Build.0 = Debug|Any CPU
		{D49FA63F-07F1-407C-BE80-ABA498CE7C04}.Release|Any CPU.ActiveCfg = Release|Any CPU
		{D49FA63F-07F1-407C-BE80-ABA498CE7C04}.Release|Any CPU.Build.0 = Release|Any CPU
		{4B928A80-9A4A-4A10-A058-6B818B58056E}.Debug|Any CPU.ActiveCfg = Debug|Any CPU
		{4B928A80-9A4A-4A10-A058-6B818B58056E}.Debug|Any CPU.Build.0 = Debug|Any CPU
		{4B928A80-9A4A-4A10-A058-6B818B58056E}.Release|Any CPU.ActiveCfg = Release|Any CPU
		{4B928A80-9A4A-4A10-A058-6B818B58056E}.Release|Any CPU.Build.0 = Release|Any CPU
		{EE1E11A0-EF73-4AB5-9DAD-827CBB98B7D2}.Debug|Any CPU.ActiveCfg = Debug|Any CPU
		{EE1E11A0-EF73-4AB5-9DAD-827CBB98B7D2}.Debug|Any CPU.Build.0 = Debug|Any CPU
		{EE1E11A0-EF73-4AB5-9DAD-827CBB98B7D2}.Release|Any CPU.ActiveCfg = Release|Any CPU
		{EE1E11A0-EF73-4AB5-9DAD-827CBB98B7D2}.Release|Any CPU.Build.0 = Release|Any CPU
		{67ECD0F6-3C08-4C0C-80AE-24F31D559499}.Debug|Any CPU.ActiveCfg = Debug|Any CPU
		{67ECD0F6-3C08-4C0C-80AE-24F31D559499}.Debug|Any CPU.Build.0 = Debug|Any CPU
		{67ECD0F6-3C08-4C0C-80AE-24F31D559499}.Release|Any CPU.ActiveCfg = Release|Any CPU
		{67ECD0F6-3C08-4C0C-80AE-24F31D559499}.Release|Any CPU.Build.0 = Release|Any CPU
		{EC491E8B-D83B-4F43-ACCC-1E3EA0418295}.Debug|Any CPU.ActiveCfg = Debug|Any CPU
		{EC491E8B-D83B-4F43-ACCC-1E3EA0418295}.Debug|Any CPU.Build.0 = Debug|Any CPU
		{EC491E8B-D83B-4F43-ACCC-1E3EA0418295}.Release|Any CPU.ActiveCfg = Release|Any CPU
		{EC491E8B-D83B-4F43-ACCC-1E3EA0418295}.Release|Any CPU.Build.0 = Release|Any CPU
		{E5D3FA9F-B422-42B2-982A-E1B53B8977AE}.Debug|Any CPU.ActiveCfg = Debug|Any CPU
		{E5D3FA9F-B422-42B2-982A-E1B53B8977AE}.Debug|Any CPU.Build.0 = Debug|Any CPU
		{E5D3FA9F-B422-42B2-982A-E1B53B8977AE}.Release|Any CPU.ActiveCfg = Release|Any CPU
		{E5D3FA9F-B422-42B2-982A-E1B53B8977AE}.Release|Any CPU.Build.0 = Release|Any CPU
		{F0566276-9817-40F6-84F8-D4DAC1884CE8}.Debug|Any CPU.ActiveCfg = Debug|Any CPU
		{F0566276-9817-40F6-84F8-D4DAC1884CE8}.Debug|Any CPU.Build.0 = Debug|Any CPU
		{F0566276-9817-40F6-84F8-D4DAC1884CE8}.Release|Any CPU.ActiveCfg = Release|Any CPU
		{F0566276-9817-40F6-84F8-D4DAC1884CE8}.Release|Any CPU.Build.0 = Release|Any CPU
		{1DBDC32D-F824-4B43-8285-DEAE7E398D77}.Debug|Any CPU.ActiveCfg = Debug|Any CPU
		{1DBDC32D-F824-4B43-8285-DEAE7E398D77}.Debug|Any CPU.Build.0 = Debug|Any CPU
		{1DBDC32D-F824-4B43-8285-DEAE7E398D77}.Release|Any CPU.ActiveCfg = Release|Any CPU
		{1DBDC32D-F824-4B43-8285-DEAE7E398D77}.Release|Any CPU.Build.0 = Release|Any CPU
	EndGlobalSection
	GlobalSection(SolutionProperties) = preSolution
		HideSolutionNode = FALSE
	EndGlobalSection
	GlobalSection(NestedProjects) = preSolution
		{B92C1201-1ACA-4023-A54C-2EF220096A66} = {24D193F4-BA78-416B-ACF9-1A71E1E03A67}
		{06E4F06E-5745-47A9-B6A2-5A0865240124} = {B92C1201-1ACA-4023-A54C-2EF220096A66}
		{991F1016-AF66-410F-80C1-8AE1B1B2CFAB} = {24D193F4-BA78-416B-ACF9-1A71E1E03A67}
		{F73162F5-F541-426D-A0CE-1360ED982C47} = {991F1016-AF66-410F-80C1-8AE1B1B2CFAB}
		{DD4CA02A-200E-4536-BA4D-140043BBB8E1} = {24D193F4-BA78-416B-ACF9-1A71E1E03A67}
		{BB6765FB-9C67-4AD7-AF8F-E708F58A9AF1} = {DD4CA02A-200E-4536-BA4D-140043BBB8E1}
		{D49FA63F-07F1-407C-BE80-ABA498CE7C04} = {DD4CA02A-200E-4536-BA4D-140043BBB8E1}
		{D4149904-B6D1-4991-A3A3-E483D689F675} = {24D193F4-BA78-416B-ACF9-1A71E1E03A67}
		{4B928A80-9A4A-4A10-A058-6B818B58056E} = {D4149904-B6D1-4991-A3A3-E483D689F675}
		{EE1E11A0-EF73-4AB5-9DAD-827CBB98B7D2} = {D4149904-B6D1-4991-A3A3-E483D689F675}
		{67ECD0F6-3C08-4C0C-80AE-24F31D559499} = {D4149904-B6D1-4991-A3A3-E483D689F675}
		{EC491E8B-D83B-4F43-ACCC-1E3EA0418295} = {D4149904-B6D1-4991-A3A3-E483D689F675}
		{E5D3FA9F-B422-42B2-982A-E1B53B8977AE} = {8F7DFAB7-3E5A-473C-A93B-2A547F9875DD}
		{F0566276-9817-40F6-84F8-D4DAC1884CE8} = {87FBE1F3-62A7-4332-956F-8639EA9008B9}
		{1DBDC32D-F824-4B43-8285-DEAE7E398D77} = {87FBE1F3-62A7-4332-956F-8639EA9008B9}
	EndGlobalSection
	GlobalSection(ExtensibilityGlobals) = postSolution
		SolutionGuid = {5B295109-FF57-40FE-8096-D3E84472F67B}
	EndGlobalSection
EndGlobal
